{
	"name": "webaudio-raub",
	"version": "1.0.1",
	"lockfileVersion": 1,
	"requires": true,
	"dependencies": {
		"addon-tools-raub": {
			"version": "5.2.1",
			"resolved": "https://registry.npmjs.org/addon-tools-raub/-/addon-tools-raub-5.2.1.tgz",
			"integrity": "sha512-aQtMNCJn4R2607oROP7ApSILYtH8QFSSKlJmXFXUqPviOSKiY1fS+ByhZaiHyEj/MIfYt9HaESRpfZg4ESaDZg==",
			"requires": {
				"adm-zip": "0.4.16",
				"node-addon-api": "3.0.0"
			}
		},
		"adm-zip": {
			"version": "0.4.16",
			"resolved": "https://registry.npmjs.org/adm-zip/-/adm-zip-0.4.16.tgz",
			"integrity": "sha512-TFi4HBKSGfIKsK5YCkKaaFG2m4PEDyViZmEwof3MTIgzimHLto6muaHVpbrljdIvIrFZzEq/p4nafOeLcYegrg=="
		},
		"deps-labsound-raub": {
			"version": "2.0.0",
			"resolved": "https://registry.npmjs.org/deps-labsound-raub/-/deps-labsound-raub-2.0.0.tgz",
			"integrity": "sha512-lzlq9KUEbyl/IOx7hpRGFRFFp4gpLvhq/UddiPQTc6wTSfidLaJ3LfCGBhV7oyEj0kx+ik057QDtXLchTgD/Bw==",
			"requires": {
				"addon-tools-raub": "5.2.x"
			}
		},
		"node-addon-api": {
			"version": "3.0.0",
			"resolved": "https://registry.npmjs.org/node-addon-api/-/node-addon-api-3.0.0.tgz",
			"integrity": "sha512-sSHCgWfJ+Lui/u+0msF3oyCgvdkhxDbkCS6Q8uiJquzOimkJBvX6hl5aSSA7DR1XbMpdM8r7phjcF63sF4rkKg=="
		},
		"segfault-raub": {
			"version": "1.1.3",
			"resolved": "https://registry.npmjs.org/segfault-raub/-/segfault-raub-1.1.3.tgz",
			"integrity": "sha512-u1FatwjBDfTno7GJ0+EDLY3ddYDd3G/+8zzwTj3jOxqVCFJsA9eCtxBpc+tPkNaXO0WbD8MEWwvHPASCBV42nw==",
			"requires": {
				"addon-tools-raub": "5.2.x"
			}
		}
	}
}
